
Microsoft Visual Studio Solution File, Format Version 12.00
# Visual Studio Version 16
VisualStudioVersion = 16.0.31105.61
MinimumVisualStudioVersion = 10.0.40219.1
Project("{FAE04EC0-301F-11D3-BF4B-00C04F79EFBC}") = "LinkedList", "LinkedList\LinkedList.csproj", "{6981B7AB-2A15-4BCD-8C01-07B2568FD476}"
EndProject
Project("{FAE04EC0-301F-11D3-BF4B-00C04F79EFBC}") = "LinkedList.Tests", "LinkedList.Tests\LinkedList.Tests.csproj", "{EBCE7808-43F8-40D1-A8D4-FDA2F720C431}"
EndProject
Global
	GlobalSection(SolutionConfigurationPlatforms) = preSolution
		Debug|Any CPU = Debug|Any CPU
		Release|Any CPU = Release|Any CPU
	EndGlobalSection
	GlobalSection(ProjectConfigurationPlatforms) = postSolution
		{6981B7AB-2A15-4BCD-8C01-07B2568FD476}.Debug|Any CPU.ActiveCfg = Debug|Any CPU
		{6981B7AB-2A15-4BCD-8C01-07B2568FD476}.Debug|Any CPU.Build.0 = Debug|Any CPU
		{6981B7AB-2A15-4BCD-8C01-07B2568FD476}.Release|Any CPU.ActiveCfg = Release|Any CPU
		{6981B7AB-2A15-4BCD-8C01-07B2568FD476}.Release|Any CPU.Build.0 = Release|Any CPU
		{EBCE7808-43F8-40D1-A8D4-FDA2F720C431}.Debug|Any CPU.ActiveCfg = Debug|Any CPU
		{EBCE7808-43F8-40D1-A8D4-FDA2F720C431}.Debug|Any CPU.Build.0 = Debug|Any CPU
		{EBCE7808-43F8-40D1-A8D4-FDA2F720C431}.Release|Any CPU.ActiveCfg = Release|Any CPU
		{EBCE7808-43F8-40D1-A8D4-FDA2F720C431}.Release|Any CPU.Build.0 = Release|Any CPU
	EndGlobalSection
	GlobalSection(SolutionProperties) = preSolution
		HideSolutionNode = FALSE
	EndGlobalSection
	GlobalSection(ExtensibilityGlobals) = postSolution
		SolutionGuid = {BECDD223-BB4C-4C32-BF2A-661FEB294203}
	EndGlobalSection
EndGlobal
