
Microsoft Visual Studio Solution File, Format Version 12.00
# Visual Studio Version 16
VisualStudioVersion = 16.0.31019.35
MinimumVisualStudioVersion = 10.0.40219.1
Project("{FAE04EC0-301F-11D3-BF4B-00C04F79EFBC}") = "Peremennie", "Peremennie\Peremennie.csproj", "{91C70D19-8680-4A77-B84A-43FF829FAF62}"
EndProject
Project("{FAE04EC0-301F-11D3-BF4B-00C04F79EFBC}") = "Peremennie 2", "Peremennie 2\Peremennie 2.csproj", "{F5A34D5F-DDAE-4D3B-B1E1-5D566974E281}"
EndProject
Project("{FAE04EC0-301F-11D3-BF4B-00C04F79EFBC}") = "Peremennie 3", "Peremennie 3\Peremennie 3.csproj", "{FB6264E2-86A6-47C1-8A5D-C95E3ADA2F68}"
EndProject
Project("{FAE04EC0-301F-11D3-BF4B-00C04F79EFBC}") = "Peremennie 4", "Peremennie 4\Peremennie 4.csproj", "{114B5F3B-3CA5-4E95-A53C-66EC472152EA}"
EndProject
Project("{FAE04EC0-301F-11D3-BF4B-00C04F79EFBC}") = "Peremennie 5", "Peremennie 5\Peremennie 5.csproj", "{F59713A6-8351-4309-8EC5-6E83E0674F4C}"
EndProject
Global
	GlobalSection(SolutionConfigurationPlatforms) = preSolution
		Debug|Any CPU = Debug|Any CPU
		Release|Any CPU = Release|Any CPU
	EndGlobalSection
	GlobalSection(ProjectConfigurationPlatforms) = postSolution
		{91C70D19-8680-4A77-B84A-43FF829FAF62}.Debug|Any CPU.ActiveCfg = Debug|Any CPU
		{91C70D19-8680-4A77-B84A-43FF829FAF62}.Debug|Any CPU.Build.0 = Debug|Any CPU
		{91C70D19-8680-4A77-B84A-43FF829FAF62}.Release|Any CPU.ActiveCfg = Release|Any CPU
		{91C70D19-8680-4A77-B84A-43FF829FAF62}.Release|Any CPU.Build.0 = Release|Any CPU
		{F5A34D5F-DDAE-4D3B-B1E1-5D566974E281}.Debug|Any CPU.ActiveCfg = Debug|Any CPU
		{F5A34D5F-DDAE-4D3B-B1E1-5D566974E281}.Debug|Any CPU.Build.0 = Debug|Any CPU
		{F5A34D5F-DDAE-4D3B-B1E1-5D566974E281}.Release|Any CPU.ActiveCfg = Release|Any CPU
		{F5A34D5F-DDAE-4D3B-B1E1-5D566974E281}.Release|Any CPU.Build.0 = Release|Any CPU
		{FB6264E2-86A6-47C1-8A5D-C95E3ADA2F68}.Debug|Any CPU.ActiveCfg = Debug|Any CPU
		{FB6264E2-86A6-47C1-8A5D-C95E3ADA2F68}.Debug|Any CPU.Build.0 = Debug|Any CPU
		{FB6264E2-86A6-47C1-8A5D-C95E3ADA2F68}.Release|Any CPU.ActiveCfg = Release|Any CPU
		{FB6264E2-86A6-47C1-8A5D-C95E3ADA2F68}.Release|Any CPU.Build.0 = Release|Any CPU
		{114B5F3B-3CA5-4E95-A53C-66EC472152EA}.Debug|Any CPU.ActiveCfg = Debug|Any CPU
		{114B5F3B-3CA5-4E95-A53C-66EC472152EA}.Debug|Any CPU.Build.0 = Debug|Any CPU
		{114B5F3B-3CA5-4E95-A53C-66EC472152EA}.Release|Any CPU.ActiveCfg = Release|Any CPU
		{114B5F3B-3CA5-4E95-A53C-66EC472152EA}.Release|Any CPU.Build.0 = Release|Any CPU
		{F59713A6-8351-4309-8EC5-6E83E0674F4C}.Debug|Any CPU.ActiveCfg = Debug|Any CPU
		{F59713A6-8351-4309-8EC5-6E83E0674F4C}.Debug|Any CPU.Build.0 = Debug|Any CPU
		{F59713A6-8351-4309-8EC5-6E83E0674F4C}.Release|Any CPU.ActiveCfg = Release|Any CPU
		{F59713A6-8351-4309-8EC5-6E83E0674F4C}.Release|Any CPU.Build.0 = Release|Any CPU
	EndGlobalSection
	GlobalSection(SolutionProperties) = preSolution
		HideSolutionNode = FALSE
	EndGlobalSection
	GlobalSection(ExtensibilityGlobals) = postSolution
		SolutionGuid = {501CCB5E-5F6C-4BB8-B0B3-60C0051A1BBC}
	EndGlobalSection
EndGlobal
