
Microsoft Visual Studio Solution File, Format Version 12.00
# Visual Studio Version 16
VisualStudioVersion = 16.0.31105.61
MinimumVisualStudioVersion = 10.0.40219.1
Project("{FAE04EC0-301F-11D3-BF4B-00C04F79EFBC}") = "List", "List\List.csproj", "{2647A823-20AA-4A39-9FB9-DDD7A00EE15E}"
EndProject
Project("{FAE04EC0-301F-11D3-BF4B-00C04F79EFBC}") = "List.Tests", "List.Tests\List.Tests.csproj", "{EFE73663-630C-4304-9FD7-6708C43E3808}"
EndProject
Global
	GlobalSection(SolutionConfigurationPlatforms) = preSolution
		Debug|Any CPU = Debug|Any CPU
		Release|Any CPU = Release|Any CPU
	EndGlobalSection
	GlobalSection(ProjectConfigurationPlatforms) = postSolution
		{2647A823-20AA-4A39-9FB9-DDD7A00EE15E}.Debug|Any CPU.ActiveCfg = Debug|Any CPU
		{2647A823-20AA-4A39-9FB9-DDD7A00EE15E}.Debug|Any CPU.Build.0 = Debug|Any CPU
		{2647A823-20AA-4A39-9FB9-DDD7A00EE15E}.Release|Any CPU.ActiveCfg = Release|Any CPU
		{2647A823-20AA-4A39-9FB9-DDD7A00EE15E}.Release|Any CPU.Build.0 = Release|Any CPU
		{EFE73663-630C-4304-9FD7-6708C43E3808}.Debug|Any CPU.ActiveCfg = Debug|Any CPU
		{EFE73663-630C-4304-9FD7-6708C43E3808}.Debug|Any CPU.Build.0 = Debug|Any CPU
		{EFE73663-630C-4304-9FD7-6708C43E3808}.Release|Any CPU.ActiveCfg = Release|Any CPU
		{EFE73663-630C-4304-9FD7-6708C43E3808}.Release|Any CPU.Build.0 = Release|Any CPU
	EndGlobalSection
	GlobalSection(SolutionProperties) = preSolution
		HideSolutionNode = FALSE
	EndGlobalSection
	GlobalSection(ExtensibilityGlobals) = postSolution
		SolutionGuid = {E0405AEF-B7C8-4E32-B9A1-8F6889946C57}
	EndGlobalSection
EndGlobal
